// !$*UTF8*$!
{
	archiveVersion = 1;
	classes = {
	};
	objectVersion = 46;
	objects = {

/* Begin PBXBuildFile section */
		D5C7F74E1C3BC9CE008CDDBA /* LaunchScreen.storyboard in Resources */ = {isa = PBXBuildFile; fileRef = D5C7F74C1C3BC9CE008CDDBA /* LaunchScreen.storyboard */; };
		D5C7F75B1C3BCA1E008CDDBA /* Assets.xcassets in Resources */ = {isa = PBXBuildFile; fileRef = D5C7F7571C3BCA1E008CDDBA /* Assets.xcassets */; };
		E41D7245224D686200CA05C4 /* ExampleTableViewController.swift in Sources */ = {isa = PBXBuildFile; fileRef = E41D7231224D685D00CA05C4 /* ExampleTableViewController.swift */; };
		E41D7246224D686200CA05C4 /* ExampleUIViewControllerMixinable.swift in Sources */ = {isa = PBXBuildFile; fileRef = E41D7232224D685E00CA05C4 /* ExampleUIViewControllerMixinable.swift */; };
		E41D7247224D686200CA05C4 /* ScrollViewParentHeaderExampleViewController.swift in Sources */ = {isa = PBXBuildFile; fileRef = E41D7233224D685E00CA05C4 /* ScrollViewParentHeaderExampleViewController.swift */; };
		E41D7248224D686200CA05C4 /* ExamplePaginatableTableViewController.swift in Sources */ = {isa = PBXBuildFile; fileRef = E41D7234224D685F00CA05C4 /* ExamplePaginatableTableViewController.swift */; };
		E41D7249224D686200CA05C4 /* TableViewHeaderExampleViewController.swift in Sources */ = {isa = PBXBuildFile; fileRef = E41D7235224D685F00CA05C4 /* TableViewHeaderExampleViewController.swift */; };
		E41D724A224D686200CA05C4 /* FakeDataTableViewController.swift in Sources */ = {isa = PBXBuildFile; fileRef = E41D7236224D686000CA05C4 /* FakeDataTableViewController.swift */; };
		E41D724B224D686200CA05C4 /* TableViewSubheaderExampleViewController.swift in Sources */ = {isa = PBXBuildFile; fileRef = E41D7237224D686000CA05C4 /* TableViewSubheaderExampleViewController.swift */; };
		E41D724C224D686200CA05C4 /* ExampleBaseViewController.swift in Sources */ = {isa = PBXBuildFile; fileRef = E41D7238224D686100CA05C4 /* ExampleBaseViewController.swift */; };
		E41D724D224D686200CA05C4 /* ScrollViewHeaderExamplesViewController.swift in Sources */ = {isa = PBXBuildFile; fileRef = E41D7239224D686100CA05C4 /* ScrollViewHeaderExamplesViewController.swift */; };
		E41D724E224D686200CA05C4 /* ExampleCustomTabBarController.swift in Sources */ = {isa = PBXBuildFile; fileRef = E41D723A224D686100CA05C4 /* ExampleCustomTabBarController.swift */; };
		E41D724F224D686200CA05C4 /* ExampleDeepLinkDestinationViewController.swift in Sources */ = {isa = PBXBuildFile; fileRef = E41D723B224D686100CA05C4 /* ExampleDeepLinkDestinationViewController.swift */; };
		E41D7250224D686200CA05C4 /* ExampleObject.swift in Sources */ = {isa = PBXBuildFile; fileRef = E41D723C224D686100CA05C4 /* ExampleObject.swift */; };
		E41D7251224D686200CA05C4 /* ExampleAuthenticationViewController.swift in Sources */ = {isa = PBXBuildFile; fileRef = E41D723D224D686100CA05C4 /* ExampleAuthenticationViewController.swift */; };
		E41D7252224D686200CA05C4 /* ExampleSearchViewController.swift in Sources */ = {isa = PBXBuildFile; fileRef = E41D723E224D686200CA05C4 /* ExampleSearchViewController.swift */; };
		E41D7253224D686200CA05C4 /* ExamplePermissionAuthorizedViewController.swift in Sources */ = {isa = PBXBuildFile; fileRef = E41D723F224D686200CA05C4 /* ExamplePermissionAuthorizedViewController.swift */; };
		E41D7254224D686200CA05C4 /* ExampleFormViewController.swift in Sources */ = {isa = PBXBuildFile; fileRef = E41D7240224D686200CA05C4 /* ExampleFormViewController.swift */; };
		E41D7255224D686200CA05C4 /* ExampleNeedsLoadingIndicatorTableViewController.swift in Sources */ = {isa = PBXBuildFile; fileRef = E41D7241224D686200CA05C4 /* ExampleNeedsLoadingIndicatorTableViewController.swift */; };
		E41D7256224D686200CA05C4 /* AppDelegate.swift in Sources */ = {isa = PBXBuildFile; fileRef = E41D7242224D686200CA05C4 /* AppDelegate.swift */; };
		E41D7257224D686200CA05C4 /* BaseButtonExamplesViewController.swift in Sources */ = {isa = PBXBuildFile; fileRef = E41D7243224D686200CA05C4 /* BaseButtonExamplesViewController.swift */; };
		E41D7258224D686200CA05C4 /* ExampleAppConfiguration.swift in Sources */ = {isa = PBXBuildFile; fileRef = E41D7244224D686200CA05C4 /* ExampleAppConfiguration.swift */; };
		E41D725D224D686F00CA05C4 /* PagingMenuExamplesViewController.swift in Sources */ = {isa = PBXBuildFile; fileRef = E41D725A224D686F00CA05C4 /* PagingMenuExamplesViewController.swift */; };
		E41D725E224D686F00CA05C4 /* ExamplePagingMenuViewController.swift in Sources */ = {isa = PBXBuildFile; fileRef = E41D725B224D686F00CA05C4 /* ExamplePagingMenuViewController.swift */; };
		E41D725F224D686F00CA05C4 /* ExampleStepProcessPagingMenuViewController.swift in Sources */ = {isa = PBXBuildFile; fileRef = E41D725C224D686F00CA05C4 /* ExampleStepProcessPagingMenuViewController.swift */; };
		E420769B226F5008007B74D4 /* ScrollViewParentHeaderWithPagerExampleViewController.swift in Sources */ = {isa = PBXBuildFile; fileRef = E420769A226F5008007B74D4 /* ScrollViewParentHeaderWithPagerExampleViewController.swift */; };
		F585649AB944C101F2AAE2C8 /* Pods_UIKitBaseDemo.framework in Frameworks */ = {isa = PBXBuildFile; fileRef = 2FD35BB4B74DA9DAC0CDEAD5 /* Pods_UIKitBaseDemo.framework */; };
/* End PBXBuildFile section */

/* Begin PBXFileReference section */
		2FD35BB4B74DA9DAC0CDEAD5 /* Pods_UIKitBaseDemo.framework */ = {isa = PBXFileReference; explicitFileType = wrapper.framework; includeInIndex = 0; path = Pods_UIKitBaseDemo.framework; sourceTree = BUILT_PRODUCTS_DIR; };
		C30D9BCA4C8AE38B2989E8AF /* Pods-UIKitBaseDemo.release.xcconfig */ = {isa = PBXFileReference; includeInIndex = 1; lastKnownFileType = text.xcconfig; name = "Pods-UIKitBaseDemo.release.xcconfig"; path = "Pods/Target Support Files/Pods-UIKitBaseDemo/Pods-UIKitBaseDemo.release.xcconfig"; sourceTree = "<group>"; };
		C46DAE5847BCC2F068CD4E47 /* Pods-UIKitBaseDemo.debug.xcconfig */ = {isa = PBXFileReference; includeInIndex = 1; lastKnownFileType = text.xcconfig; name = "Pods-UIKitBaseDemo.debug.xcconfig"; path = "Pods/Target Support Files/Pods-UIKitBaseDemo/Pods-UIKitBaseDemo.debug.xcconfig"; sourceTree = "<group>"; };
		D5C7F7401C3BC9CE008CDDBA /* UIKitBaseDemo.app */ = {isa = PBXFileReference; explicitFileType = wrapper.application; includeInIndex = 0; path = UIKitBaseDemo.app; sourceTree = BUILT_PRODUCTS_DIR; };
		D5C7F74D1C3BC9CE008CDDBA /* Base */ = {isa = PBXFileReference; lastKnownFileType = file.storyboard; name = Base; path = Base.lproj/LaunchScreen.storyboard; sourceTree = "<group>"; };
		D5C7F74F1C3BC9CE008CDDBA /* Info.plist */ = {isa = PBXFileReference; lastKnownFileType = text.plist.xml; path = Info.plist; sourceTree = "<group>"; };
		D5C7F7571C3BCA1E008CDDBA /* Assets.xcassets */ = {isa = PBXFileReference; lastKnownFileType = folder.assetcatalog; path = Assets.xcassets; sourceTree = "<group>"; };
		E41D7231224D685D00CA05C4 /* ExampleTableViewController.swift */ = {isa = PBXFileReference; fileEncoding = 4; lastKnownFileType = sourcecode.swift; path = ExampleTableViewController.swift; sourceTree = "<group>"; };
		E41D7232224D685E00CA05C4 /* ExampleUIViewControllerMixinable.swift */ = {isa = PBXFileReference; fileEncoding = 4; lastKnownFileType = sourcecode.swift; path = ExampleUIViewControllerMixinable.swift; sourceTree = "<group>"; };
		E41D7233224D685E00CA05C4 /* ScrollViewParentHeaderExampleViewController.swift */ = {isa = PBXFileReference; fileEncoding = 4; lastKnownFileType = sourcecode.swift; path = ScrollViewParentHeaderExampleViewController.swift; sourceTree = "<group>"; };
		E41D7234224D685F00CA05C4 /* ExamplePaginatableTableViewController.swift */ = {isa = PBXFileReference; fileEncoding = 4; lastKnownFileType = sourcecode.swift; path = ExamplePaginatableTableViewController.swift; sourceTree = "<group>"; };
		E41D7235224D685F00CA05C4 /* TableViewHeaderExampleViewController.swift */ = {isa = PBXFileReference; fileEncoding = 4; lastKnownFileType = sourcecode.swift; path = TableViewHeaderExampleViewController.swift; sourceTree = "<group>"; };
		E41D7236224D686000CA05C4 /* FakeDataTableViewController.swift */ = {isa = PBXFileReference; fileEncoding = 4; lastKnownFileType = sourcecode.swift; path = FakeDataTableViewController.swift; sourceTree = "<group>"; };
		E41D7237224D686000CA05C4 /* TableViewSubheaderExampleViewController.swift */ = {isa = PBXFileReference; fileEncoding = 4; lastKnownFileType = sourcecode.swift; path = TableViewSubheaderExampleViewController.swift; sourceTree = "<group>"; };
		E41D7238224D686100CA05C4 /* ExampleBaseViewController.swift */ = {isa = PBXFileReference; fileEncoding = 4; lastKnownFileType = sourcecode.swift; path = ExampleBaseViewController.swift; sourceTree = "<group>"; };
		E41D7239224D686100CA05C4 /* ScrollViewHeaderExamplesViewController.swift */ = {isa = PBXFileReference; fileEncoding = 4; lastKnownFileType = sourcecode.swift; path = ScrollViewHeaderExamplesViewController.swift; sourceTree = "<group>"; };
		E41D723A224D686100CA05C4 /* ExampleCustomTabBarController.swift */ = {isa = PBXFileReference; fileEncoding = 4; lastKnownFileType = sourcecode.swift; path = ExampleCustomTabBarController.swift; sourceTree = "<group>"; };
		E41D723B224D686100CA05C4 /* ExampleDeepLinkDestinationViewController.swift */ = {isa = PBXFileReference; fileEncoding = 4; lastKnownFileType = sourcecode.swift; path = ExampleDeepLinkDestinationViewController.swift; sourceTree = "<group>"; };
		E41D723C224D686100CA05C4 /* ExampleObject.swift */ = {isa = PBXFileReference; fileEncoding = 4; lastKnownFileType = sourcecode.swift; path = ExampleObject.swift; sourceTree = "<group>"; };
		E41D723D224D686100CA05C4 /* ExampleAuthenticationViewController.swift */ = {isa = PBXFileReference; fileEncoding = 4; lastKnownFileType = sourcecode.swift; path = ExampleAuthenticationViewController.swift; sourceTree = "<group>"; };
		E41D723E224D686200CA05C4 /* ExampleSearchViewController.swift */ = {isa = PBXFileReference; fileEncoding = 4; lastKnownFileType = sourcecode.swift; path = ExampleSearchViewController.swift; sourceTree = "<group>"; };
		E41D723F224D686200CA05C4 /* ExamplePermissionAuthorizedViewController.swift */ = {isa = PBXFileReference; fileEncoding = 4; lastKnownFileType = sourcecode.swift; path = ExamplePermissionAuthorizedViewController.swift; sourceTree = "<group>"; };
		E41D7240224D686200CA05C4 /* ExampleFormViewController.swift */ = {isa = PBXFileReference; fileEncoding = 4; lastKnownFileType = sourcecode.swift; path = ExampleFormViewController.swift; sourceTree = "<group>"; };
		E41D7241224D686200CA05C4 /* ExampleNeedsLoadingIndicatorTableViewController.swift */ = {isa = PBXFileReference; fileEncoding = 4; lastKnownFileType = sourcecode.swift; path = ExampleNeedsLoadingIndicatorTableViewController.swift; sourceTree = "<group>"; };
		E41D7242224D686200CA05C4 /* AppDelegate.swift */ = {isa = PBXFileReference; fileEncoding = 4; lastKnownFileType = sourcecode.swift; path = AppDelegate.swift; sourceTree = "<group>"; };
		E41D7243224D686200CA05C4 /* BaseButtonExamplesViewController.swift */ = {isa = PBXFileReference; fileEncoding = 4; lastKnownFileType = sourcecode.swift; path = BaseButtonExamplesViewController.swift; sourceTree = "<group>"; };
		E41D7244224D686200CA05C4 /* ExampleAppConfiguration.swift */ = {isa = PBXFileReference; fileEncoding = 4; lastKnownFileType = sourcecode.swift; path = ExampleAppConfiguration.swift; sourceTree = "<group>"; };
		E41D725A224D686F00CA05C4 /* PagingMenuExamplesViewController.swift */ = {isa = PBXFileReference; fileEncoding = 4; lastKnownFileType = sourcecode.swift; path = PagingMenuExamplesViewController.swift; sourceTree = "<group>"; };
		E41D725B224D686F00CA05C4 /* ExamplePagingMenuViewController.swift */ = {isa = PBXFileReference; fileEncoding = 4; lastKnownFileType = sourcecode.swift; path = ExamplePagingMenuViewController.swift; sourceTree = "<group>"; };
		E41D725C224D686F00CA05C4 /* ExampleStepProcessPagingMenuViewController.swift */ = {isa = PBXFileReference; fileEncoding = 4; lastKnownFileType = sourcecode.swift; path = ExampleStepProcessPagingMenuViewController.swift; sourceTree = "<group>"; };
		E420769A226F5008007B74D4 /* ScrollViewParentHeaderWithPagerExampleViewController.swift */ = {isa = PBXFileReference; fileEncoding = 4; lastKnownFileType = sourcecode.swift; path = ScrollViewParentHeaderWithPagerExampleViewController.swift; sourceTree = "<group>"; };
/* End PBXFileReference section */

/* Begin PBXFrameworksBuildPhase section */
		D5C7F73D1C3BC9CE008CDDBA /* Frameworks */ = {
			isa = PBXFrameworksBuildPhase;
			buildActionMask = 2147483647;
			files = (
				F585649AB944C101F2AAE2C8 /* Pods_UIKitBaseDemo.framework in Frameworks */,
			);
			runOnlyForDeploymentPostprocessing = 0;
		};
/* End PBXFrameworksBuildPhase section */

/* Begin PBXGroup section */
		83553785E70B5AFA9057907B /* Pods */ = {
			isa = PBXGroup;
			children = (
				C46DAE5847BCC2F068CD4E47 /* Pods-UIKitBaseDemo.debug.xcconfig */,
				C30D9BCA4C8AE38B2989E8AF /* Pods-UIKitBaseDemo.release.xcconfig */,
			);
			name = Pods;
			sourceTree = "<group>";
		};
		88F1C2138DBF4FAF9620AF7B /* Frameworks */ = {
			isa = PBXGroup;
			children = (
				2FD35BB4B74DA9DAC0CDEAD5 /* Pods_UIKitBaseDemo.framework */,
			);
			name = Frameworks;
			sourceTree = "<group>";
		};
		D5C7F7371C3BC9CE008CDDBA = {
			isa = PBXGroup;
			children = (
				D5C7F7421C3BC9CE008CDDBA /* UIKitBaseDemo */,
				D5C7F7411C3BC9CE008CDDBA /* Products */,
				83553785E70B5AFA9057907B /* Pods */,
				88F1C2138DBF4FAF9620AF7B /* Frameworks */,
			);
			sourceTree = "<group>";
		};
		D5C7F7411C3BC9CE008CDDBA /* Products */ = {
			isa = PBXGroup;
			children = (
				D5C7F7401C3BC9CE008CDDBA /* UIKitBaseDemo.app */,
			);
			name = Products;
			sourceTree = "<group>";
		};
		D5C7F7421C3BC9CE008CDDBA /* UIKitBaseDemo */ = {
			isa = PBXGroup;
			children = (
				D5C7F7561C3BCA1E008CDDBA /* Resources */,
				D5C7F7581C3BCA1E008CDDBA /* Sources */,
				D5C7F7551C3BC9EA008CDDBA /* Supporting Files */,
			);
			path = UIKitBaseDemo;
			sourceTree = "<group>";
		};
		D5C7F7551C3BC9EA008CDDBA /* Supporting Files */ = {
			isa = PBXGroup;
			children = (
				D5C7F74C1C3BC9CE008CDDBA /* LaunchScreen.storyboard */,
				D5C7F74F1C3BC9CE008CDDBA /* Info.plist */,
			);
			name = "Supporting Files";
			sourceTree = "<group>";
		};
		D5C7F7561C3BCA1E008CDDBA /* Resources */ = {
			isa = PBXGroup;
			children = (
				D5C7F7571C3BCA1E008CDDBA /* Assets.xcassets */,
			);
			path = Resources;
			sourceTree = "<group>";
		};
		D5C7F7581C3BCA1E008CDDBA /* Sources */ = {
			isa = PBXGroup;
			children = (
				E41D7259224D686F00CA05C4 /* PagingMenuViewControllers */,
				E41D7242224D686200CA05C4 /* AppDelegate.swift */,
				E41D7243224D686200CA05C4 /* BaseButtonExamplesViewController.swift */,
				E41D7244224D686200CA05C4 /* ExampleAppConfiguration.swift */,
				E41D723D224D686100CA05C4 /* ExampleAuthenticationViewController.swift */,
				E41D7238224D686100CA05C4 /* ExampleBaseViewController.swift */,
				E41D723A224D686100CA05C4 /* ExampleCustomTabBarController.swift */,
				E41D723B224D686100CA05C4 /* ExampleDeepLinkDestinationViewController.swift */,
				E41D7240224D686200CA05C4 /* ExampleFormViewController.swift */,
				E41D7241224D686200CA05C4 /* ExampleNeedsLoadingIndicatorTableViewController.swift */,
				E41D723C224D686100CA05C4 /* ExampleObject.swift */,
				E41D7234224D685F00CA05C4 /* ExamplePaginatableTableViewController.swift */,
				E41D723F224D686200CA05C4 /* ExamplePermissionAuthorizedViewController.swift */,
				E41D723E224D686200CA05C4 /* ExampleSearchViewController.swift */,
				E41D7231224D685D00CA05C4 /* ExampleTableViewController.swift */,
				E41D7232224D685E00CA05C4 /* ExampleUIViewControllerMixinable.swift */,
				E41D7236224D686000CA05C4 /* FakeDataTableViewController.swift */,
				E41D7239224D686100CA05C4 /* ScrollViewHeaderExamplesViewController.swift */,
				E41D7233224D685E00CA05C4 /* ScrollViewParentHeaderExampleViewController.swift */,
				E420769A226F5008007B74D4 /* ScrollViewParentHeaderWithPagerExampleViewController.swift */,
				E41D7235224D685F00CA05C4 /* TableViewHeaderExampleViewController.swift */,
				E41D7237224D686000CA05C4 /* TableViewSubheaderExampleViewController.swift */,
			);
			path = Sources;
			sourceTree = "<group>";
		};
		E41D7259224D686F00CA05C4 /* PagingMenuViewControllers */ = {
			isa = PBXGroup;
			children = (
				E41D725A224D686F00CA05C4 /* PagingMenuExamplesViewController.swift */,
				E41D725B224D686F00CA05C4 /* ExamplePagingMenuViewController.swift */,
				E41D725C224D686F00CA05C4 /* ExampleStepProcessPagingMenuViewController.swift */,
			);
			path = PagingMenuViewControllers;
			sourceTree = "<group>";
		};
/* End PBXGroup section */

/* Begin PBXNativeTarget section */
		D5C7F73F1C3BC9CE008CDDBA /* UIKitBaseDemo */ = {
			isa = PBXNativeTarget;
			buildConfigurationList = D5C7F7521C3BC9CE008CDDBA /* Build configuration list for PBXNativeTarget "UIKitBaseDemo" */;
			buildPhases = (
				ED52F602B76306F512A66A28 /* [CP] Check Pods Manifest.lock */,
				D5C7F73C1C3BC9CE008CDDBA /* Sources */,
				D5C7F73D1C3BC9CE008CDDBA /* Frameworks */,
				D5C7F73E1C3BC9CE008CDDBA /* Resources */,
				458010F6884598711DC35EC7 /* [CP] Embed Pods Frameworks */,
			);
			buildRules = (
			);
			dependencies = (
			);
			name = UIKitBaseDemo;
			productName = UIKitBaseDemo;
			productReference = D5C7F7401C3BC9CE008CDDBA /* UIKitBaseDemo.app */;
			productType = "com.apple.product-type.application";
		};
/* End PBXNativeTarget section */

/* Begin PBXProject section */
		D5C7F7381C3BC9CE008CDDBA /* Project object */ = {
			isa = PBXProject;
			attributes = {
				LastSwiftUpdateCheck = 0720;
				LastUpgradeCheck = 1020;
				ORGANIZATIONNAME = "Hyper Interaktiv AS";
				TargetAttributes = {
					D5C7F73F1C3BC9CE008CDDBA = {
						CreatedOnToolsVersion = 7.2;
						DevelopmentTeam = HY52PS8GYV;
						LastSwiftMigration = 1010;
					};
				};
			};
			buildConfigurationList = D5C7F73B1C3BC9CE008CDDBA /* Build configuration list for PBXProject "UIKitBaseDemo" */;
			compatibilityVersion = "Xcode 3.2";
			developmentRegion = en;
			hasScannedForEncodings = 0;
			knownRegions = (
				en,
				Base,
			);
			mainGroup = D5C7F7371C3BC9CE008CDDBA;
			productRefGroup = D5C7F7411C3BC9CE008CDDBA /* Products */;
			projectDirPath = "";
			projectRoot = "";
			targets = (
				D5C7F73F1C3BC9CE008CDDBA /* UIKitBaseDemo */,
			);
		};
/* End PBXProject section */

/* Begin PBXResourcesBuildPhase section */
		D5C7F73E1C3BC9CE008CDDBA /* Resources */ = {
			isa = PBXResourcesBuildPhase;
			buildActionMask = 2147483647;
			files = (
				D5C7F75B1C3BCA1E008CDDBA /* Assets.xcassets in Resources */,
				D5C7F74E1C3BC9CE008CDDBA /* LaunchScreen.storyboard in Resources */,
			);
			runOnlyForDeploymentPostprocessing = 0;
		};
/* End PBXResourcesBuildPhase section */

/* Begin PBXShellScriptBuildPhase section */
		458010F6884598711DC35EC7 /* [CP] Embed Pods Frameworks */ = {
			isa = PBXShellScriptBuildPhase;
			buildActionMask = 2147483647;
			files = (
			);
			inputFileListPaths = (
			);
			inputPaths = (
				"${PODS_ROOT}/Target Support Files/Pods-UIKitBaseDemo/Pods-UIKitBaseDemo-frameworks.sh",
				"${BUILT_PRODUCTS_DIR}/Actions/Actions.framework",
				"${BUILT_PRODUCTS_DIR}/ActiveLabel/ActiveLabel.framework",
				"${BUILT_PRODUCTS_DIR}/Algorithm/Algorithm.framework",
				"${BUILT_PRODUCTS_DIR}/AssistantKit/AssistantKit.framework",
				"${BUILT_PRODUCTS_DIR}/CRuntime/CRuntime.framework",
				"${BUILT_PRODUCTS_DIR}/DarkMagic/DarkMagic.framework",
				"${BUILT_PRODUCTS_DIR}/DynamicColor/DynamicColor.framework",
				"${BUILT_PRODUCTS_DIR}/Fakery/Fakery.framework",
				"${BUILT_PRODUCTS_DIR}/IQKeyboardManagerSwift/IQKeyboardManagerSwift.framework",
				"${BUILT_PRODUCTS_DIR}/Layman/Layman.framework",
				"${BUILT_PRODUCTS_DIR}/Nuke/Nuke.framework",
				"${BUILT_PRODUCTS_DIR}/Permission/Permission.framework",
				"${BUILT_PRODUCTS_DIR}/Runtime/Runtime.framework",
				"${BUILT_PRODUCTS_DIR}/RuntimeExtensions/RuntimeExtensions.framework",
				"${BUILT_PRODUCTS_DIR}/SwiftDate/SwiftDate.framework",
				"${BUILT_PRODUCTS_DIR}/SwiftLocation/SwiftLocation.framework",
				"${BUILT_PRODUCTS_DIR}/Swiftest/Swiftest.framework",
				"${BUILT_PRODUCTS_DIR}/SwiftyJSON/SwiftyJSON.framework",
				"${BUILT_PRODUCTS_DIR}/SwiftyTimer/SwiftyTimer.framework",
				"${BUILT_PRODUCTS_DIR}/UIFontIcons/UIFontIcons.framework",
				"${BUILT_PRODUCTS_DIR}/UIFontLoader/UIFontLoader.framework",
				"${BUILT_PRODUCTS_DIR}/UIKitBase/UIKitBase.framework",
				"${BUILT_PRODUCTS_DIR}/UIKitExtensions/UIKitExtensions.framework",
				"${BUILT_PRODUCTS_DIR}/UIKitMixinable/UIKitMixinable.framework",
				"${BUILT_PRODUCTS_DIR}/UIKitTheme/UIKitTheme.framework",
			);
			name = "[CP] Embed Pods Frameworks";
			outputFileListPaths = (
			);
			outputPaths = (
				"${TARGET_BUILD_DIR}/${FRAMEWORKS_FOLDER_PATH}/Actions.framework",
				"${TARGET_BUILD_DIR}/${FRAMEWORKS_FOLDER_PATH}/ActiveLabel.framework",
				"${TARGET_BUILD_DIR}/${FRAMEWORKS_FOLDER_PATH}/Algorithm.framework",
				"${TARGET_BUILD_DIR}/${FRAMEWORKS_FOLDER_PATH}/AssistantKit.framework",
				"${TARGET_BUILD_DIR}/${FRAMEWORKS_FOLDER_PATH}/CRuntime.framework",
				"${TARGET_BUILD_DIR}/${FRAMEWORKS_FOLDER_PATH}/DarkMagic.framework",
				"${TARGET_BUILD_DIR}/${FRAMEWORKS_FOLDER_PATH}/DynamicColor.framework",
				"${TARGET_BUILD_DIR}/${FRAMEWORKS_FOLDER_PATH}/Fakery.framework",
				"${TARGET_BUILD_DIR}/${FRAMEWORKS_FOLDER_PATH}/IQKeyboardManagerSwift.framework",
				"${TARGET_BUILD_DIR}/${FRAMEWORKS_FOLDER_PATH}/Layman.framework",
				"${TARGET_BUILD_DIR}/${FRAMEWORKS_FOLDER_PATH}/Nuke.framework",
				"${TARGET_BUILD_DIR}/${FRAMEWORKS_FOLDER_PATH}/Permission.framework",
				"${TARGET_BUILD_DIR}/${FRAMEWORKS_FOLDER_PATH}/Runtime.framework",
				"${TARGET_BUILD_DIR}/${FRAMEWORKS_FOLDER_PATH}/RuntimeExtensions.framework",
				"${TARGET_BUILD_DIR}/${FRAMEWORKS_FOLDER_PATH}/SwiftDate.framework",
				"${TARGET_BUILD_DIR}/${FRAMEWORKS_FOLDER_PATH}/SwiftLocation.framework",
				"${TARGET_BUILD_DIR}/${FRAMEWORKS_FOLDER_PATH}/Swiftest.framework",
				"${TARGET_BUILD_DIR}/${FRAMEWORKS_FOLDER_PATH}/SwiftyJSON.framework",
				"${TARGET_BUILD_DIR}/${FRAMEWORKS_FOLDER_PATH}/SwiftyTimer.framework",
				"${TARGET_BUILD_DIR}/${FRAMEWORKS_FOLDER_PATH}/UIFontIcons.framework",
				"${TARGET_BUILD_DIR}/${FRAMEWORKS_FOLDER_PATH}/UIFontLoader.framework",
				"${TARGET_BUILD_DIR}/${FRAMEWORKS_FOLDER_PATH}/UIKitBase.framework",
				"${TARGET_BUILD_DIR}/${FRAMEWORKS_FOLDER_PATH}/UIKitExtensions.framework",
				"${TARGET_BUILD_DIR}/${FRAMEWORKS_FOLDER_PATH}/UIKitMixinable.framework",
				"${TARGET_BUILD_DIR}/${FRAMEWORKS_FOLDER_PATH}/UIKitTheme.framework",
			);
			runOnlyForDeploymentPostprocessing = 0;
			shellPath = /bin/sh;
			shellScript = "\"${PODS_ROOT}/Target Support Files/Pods-UIKitBaseDemo/Pods-UIKitBaseDemo-frameworks.sh\"\n";
			showEnvVarsInLog = 0;
		};
		ED52F602B76306F512A66A28 /* [CP] Check Pods Manifest.lock */ = {
			isa = PBXShellScriptBuildPhase;
			buildActionMask = 2147483647;
			files = (
			);
			inputFileListPaths = (
			);
			inputPaths = (
				"${PODS_PODFILE_DIR_PATH}/Podfile.lock",
				"${PODS_ROOT}/Manifest.lock",
			);
			name = "[CP] Check Pods Manifest.lock";
			outputFileListPaths = (
			);
			outputPaths = (
				"$(DERIVED_FILE_DIR)/Pods-UIKitBaseDemo-checkManifestLockResult.txt",
			);
			runOnlyForDeploymentPostprocessing = 0;
			shellPath = /bin/sh;
			shellScript = "diff \"${PODS_PODFILE_DIR_PATH}/Podfile.lock\" \"${PODS_ROOT}/Manifest.lock\" > /dev/null\nif [ $? != 0 ] ; then\n    # print error to STDERR\n    echo \"error: The sandbox is not in sync with the Podfile.lock. Run 'pod install' or update your CocoaPods installation.\" >&2\n    exit 1\nfi\n# This output is used by Xcode 'outputs' to avoid re-running this script phase.\necho \"SUCCESS\" > \"${SCRIPT_OUTPUT_FILE_0}\"\n";
			showEnvVarsInLog = 0;
		};
/* End PBXShellScriptBuildPhase section */

/* Begin PBXSourcesBuildPhase section */
		D5C7F73C1C3BC9CE008CDDBA /* Sources */ = {
			isa = PBXSourcesBuildPhase;
			buildActionMask = 2147483647;
			files = (
				E41D7255224D686200CA05C4 /* ExampleNeedsLoadingIndicatorTableViewController.swift in Sources */,
				E41D724C224D686200CA05C4 /* ExampleBaseViewController.swift in Sources */,
				E41D7245224D686200CA05C4 /* ExampleTableViewController.swift in Sources */,
				E41D7257224D686200CA05C4 /* BaseButtonExamplesViewController.swift in Sources */,
				E41D725E224D686F00CA05C4 /* ExamplePagingMenuViewController.swift in Sources */,
				E41D7251224D686200CA05C4 /* ExampleAuthenticationViewController.swift in Sources */,
				E41D7248224D686200CA05C4 /* ExamplePaginatableTableViewController.swift in Sources */,
				E41D724E224D686200CA05C4 /* ExampleCustomTabBarController.swift in Sources */,
				E420769B226F5008007B74D4 /* ScrollViewParentHeaderWithPagerExampleViewController.swift in Sources */,
				E41D724A224D686200CA05C4 /* FakeDataTableViewController.swift in Sources */,
				E41D7250224D686200CA05C4 /* ExampleObject.swift in Sources */,
				E41D7258224D686200CA05C4 /* ExampleAppConfiguration.swift in Sources */,
				E41D7252224D686200CA05C4 /* ExampleSearchViewController.swift in Sources */,
				E41D7246224D686200CA05C4 /* ExampleUIViewControllerMixinable.swift in Sources */,
				E41D7254224D686200CA05C4 /* ExampleFormViewController.swift in Sources */,
				E41D725F224D686F00CA05C4 /* ExampleStepProcessPagingMenuViewController.swift in Sources */,
				E41D724B224D686200CA05C4 /* TableViewSubheaderExampleViewController.swift in Sources */,
				E41D7256224D686200CA05C4 /* AppDelegate.swift in Sources */,
				E41D7247224D686200CA05C4 /* ScrollViewParentHeaderExampleViewController.swift in Sources */,
				E41D724F224D686200CA05C4 /* ExampleDeepLinkDestinationViewController.swift in Sources */,
				E41D724D224D686200CA05C4 /* ScrollViewHeaderExamplesViewController.swift in Sources */,
				E41D725D224D686F00CA05C4 /* PagingMenuExamplesViewController.swift in Sources */,
				E41D7253224D686200CA05C4 /* ExamplePermissionAuthorizedViewController.swift in Sources */,
				E41D7249224D686200CA05C4 /* TableViewHeaderExampleViewController.swift in Sources */,
			);
			runOnlyForDeploymentPostprocessing = 0;
		};
/* End PBXSourcesBuildPhase section */

/* Begin PBXVariantGroup section */
		D5C7F74C1C3BC9CE008CDDBA /* LaunchScreen.storyboard */ = {
			isa = PBXVariantGroup;
			children = (
				D5C7F74D1C3BC9CE008CDDBA /* Base */,
			);
			name = LaunchScreen.storyboard;
			sourceTree = "<group>";
		};
/* End PBXVariantGroup section */

/* Begin XCBuildConfiguration section */
		D5C7F7501C3BC9CE008CDDBA /* Debug */ = {
			isa = XCBuildConfiguration;
			buildSettings = {
				ALWAYS_SEARCH_USER_PATHS = NO;
				CLANG_ANALYZER_LOCALIZABILITY_NONLOCALIZED = YES;
				CLANG_CXX_LANGUAGE_STANDARD = "gnu++0x";
				CLANG_CXX_LIBRARY = "libc++";
				CLANG_ENABLE_MODULES = YES;
				CLANG_ENABLE_OBJC_ARC = YES;
				CLANG_WARN_BLOCK_CAPTURE_AUTORELEASING = YES;
				CLANG_WARN_BOOL_CONVERSION = YES;
				CLANG_WARN_COMMA = YES;
				CLANG_WARN_CONSTANT_CONVERSION = YES;
				CLANG_WARN_DEPRECATED_OBJC_IMPLEMENTATIONS = YES;
				CLANG_WARN_DIRECT_OBJC_ISA_USAGE = YES_ERROR;
				CLANG_WARN_EMPTY_BODY = YES;
				CLANG_WARN_ENUM_CONVERSION = YES;
				CLANG_WARN_INFINITE_RECURSION = YES;
				CLANG_WARN_INT_CONVERSION = YES;
				CLANG_WARN_NON_LITERAL_NULL_CONVERSION = YES;
				CLANG_WARN_OBJC_IMPLICIT_RETAIN_SELF = YES;
				CLANG_WARN_OBJC_LITERAL_CONVERSION = YES;
				CLANG_WARN_OBJC_ROOT_CLASS = YES_ERROR;
				CLANG_WARN_RANGE_LOOP_ANALYSIS = YES;
				CLANG_WARN_STRICT_PROTOTYPES = YES;
				CLANG_WARN_SUSPICIOUS_MOVE = YES;
				CLANG_WARN_UNREACHABLE_CODE = YES;
				CLANG_WARN__DUPLICATE_METHOD_MATCH = YES;
				"CODE_SIGN_IDENTITY[sdk=iphoneos*]" = "iPhone Developer";
				COPY_PHASE_STRIP = NO;
				DEBUG_INFORMATION_FORMAT = dwarf;
				ENABLE_STRICT_OBJC_MSGSEND = YES;
				ENABLE_TESTABILITY = YES;
				GCC_C_LANGUAGE_STANDARD = gnu99;
				GCC_DYNAMIC_NO_PIC = NO;
				GCC_NO_COMMON_BLOCKS = YES;
				GCC_OPTIMIZATION_LEVEL = 0;
				GCC_PREPROCESSOR_DEFINITIONS = (
					"DEBUG=1",
					"$(inherited)",
				);
				GCC_WARN_64_TO_32_BIT_CONVERSION = YES;
				GCC_WARN_ABOUT_RETURN_TYPE = YES_ERROR;
				GCC_WARN_UNDECLARED_SELECTOR = YES;
				GCC_WARN_UNINITIALIZED_AUTOS = YES_AGGRESSIVE;
				GCC_WARN_UNUSED_FUNCTION = YES;
				GCC_WARN_UNUSED_VARIABLE = YES;
				IPHONEOS_DEPLOYMENT_TARGET = 10.0;
				MTL_ENABLE_DEBUG_INFO = YES;
				ONLY_ACTIVE_ARCH = YES;
				SDKROOT = iphoneos;
				SWIFT_OPTIMIZATION_LEVEL = "-Onone";
				SWIFT_VERSION = 5.0;
			};
			name = Debug;
		};
		D5C7F7511C3BC9CE008CDDBA /* Release */ = {
			isa = XCBuildConfiguration;
			buildSettings = {
				ALWAYS_SEARCH_USER_PATHS = NO;
				CLANG_ANALYZER_LOCALIZABILITY_NONLOCALIZED = YES;
				CLANG_CXX_LANGUAGE_STANDARD = "gnu++0x";
				CLANG_CXX_LIBRARY = "libc++";
				CLANG_ENABLE_MODULES = YES;
				CLANG_ENABLE_OBJC_ARC = YES;
				CLANG_WARN_BLOCK_CAPTURE_AUTORELEASING = YES;
				CLANG_WARN_BOOL_CONVERSION = YES;
				CLANG_WARN_COMMA = YES;
				CLANG_WARN_CONSTANT_CONVERSION = YES;
				CLANG_WARN_DEPRECATED_OBJC_IMPLEMENTATIONS = YES;
				CLANG_WARN_DIRECT_OBJC_ISA_USAGE = YES_ERROR;
				CLANG_WARN_EMPTY_BODY = YES;
				CLANG_WARN_ENUM_CONVERSION = YES;
				CLANG_WARN_INFINITE_RECURSION = YES;
				CLANG_WARN_INT_CONVERSION = YES;
				CLANG_WARN_NON_LITERAL_NULL_CONVERSION = YES;
				CLANG_WARN_OBJC_IMPLICIT_RETAIN_SELF = YES;
				CLANG_WARN_OBJC_LITERAL_CONVERSION = YES;
				CLANG_WARN_OBJC_ROOT_CLASS = YES_ERROR;
				CLANG_WARN_RANGE_LOOP_ANALYSIS = YES;
				CLANG_WARN_STRICT_PROTOTYPES = YES;
				CLANG_WARN_SUSPICIOUS_MOVE = YES;
				CLANG_WARN_UNREACHABLE_CODE = YES;
				CLANG_WARN__DUPLICATE_METHOD_MATCH = YES;
				"CODE_SIGN_IDENTITY[sdk=iphoneos*]" = "iPhone Developer";
				COPY_PHASE_STRIP = NO;
				DEBUG_INFORMATION_FORMAT = "dwarf-with-dsym";
				ENABLE_NS_ASSERTIONS = NO;
				ENABLE_STRICT_OBJC_MSGSEND = YES;
				GCC_C_LANGUAGE_STANDARD = gnu99;
				GCC_NO_COMMON_BLOCKS = YES;
				GCC_WARN_64_TO_32_BIT_CONVERSION = YES;
				GCC_WARN_ABOUT_RETURN_TYPE = YES_ERROR;
				GCC_WARN_UNDECLARED_SELECTOR = YES;
				GCC_WARN_UNINITIALIZED_AUTOS = YES_AGGRESSIVE;
				GCC_WARN_UNUSED_FUNCTION = YES;
				GCC_WARN_UNUSED_VARIABLE = YES;
				IPHONEOS_DEPLOYMENT_TARGET = 10.0;
				MTL_ENABLE_DEBUG_INFO = NO;
				SDKROOT = iphoneos;
				SWIFT_OPTIMIZATION_LEVEL = "-Owholemodule";
				SWIFT_VERSION = 5.0;
				VALIDATE_PRODUCT = YES;
			};
			name = Release;
		};
		D5C7F7531C3BC9CE008CDDBA /* Debug */ = {
			isa = XCBuildConfiguration;
			baseConfigurationReference = C46DAE5847BCC2F068CD4E47 /* Pods-UIKitBaseDemo.debug.xcconfig */;
			buildSettings = {
				ASSETCATALOG_COMPILER_APPICON_NAME = AppIcon;
				CLANG_ENABLE_MODULES = YES;
				DEVELOPMENT_TEAM = HY52PS8GYV;
				INFOPLIST_FILE = UIKitBaseDemo/Info.plist;
				IPHONEOS_DEPLOYMENT_TARGET = 10.0;
				LD_RUNPATH_SEARCH_PATHS = "$(inherited) @executable_path/Frameworks";
				PRODUCT_BUNDLE_IDENTIFIER = io.appsaurus.UIKitBase.demo.UIKitBaseDemo;
				PRODUCT_NAME = "$(TARGET_NAME)";
				SWIFT_OPTIMIZATION_LEVEL = "-Onone";
				SWIFT_VERSION = 5.0;
			};
			name = Debug;
		};
		D5C7F7541C3BC9CE008CDDBA /* Release */ = {
			isa = XCBuildConfiguration;
			baseConfigurationReference = C30D9BCA4C8AE38B2989E8AF /* Pods-UIKitBaseDemo.release.xcconfig */;
			buildSettings = {
				ASSETCATALOG_COMPILER_APPICON_NAME = AppIcon;
				CLANG_ENABLE_MODULES = YES;
				DEVELOPMENT_TEAM = HY52PS8GYV;
				INFOPLIST_FILE = UIKitBaseDemo/Info.plist;
				IPHONEOS_DEPLOYMENT_TARGET = 10.0;
				LD_RUNPATH_SEARCH_PATHS = "$(inherited) @executable_path/Frameworks";
				PRODUCT_BUNDLE_IDENTIFIER = io.appsaurus.UIKitBase.demo.UIKitBaseDemo;
				PRODUCT_NAME = "$(TARGET_NAME)";
				SWIFT_VERSION = 5.0;
			};
			name = Release;
		};
/* End XCBuildConfiguration section */

/* Begin XCConfigurationList section */
		D5C7F73B1C3BC9CE008CDDBA /* Build configuration list for PBXProject "UIKitBaseDemo" */ = {
			isa = XCConfigurationList;
			buildConfigurations = (
				D5C7F7501C3BC9CE008CDDBA /* Debug */,
				D5C7F7511C3BC9CE008CDDBA /* Release */,
			);
			defaultConfigurationIsVisible = 0;
			defaultConfigurationName = Release;
		};
		D5C7F7521C3BC9CE008CDDBA /* Build configuration list for PBXNativeTarget "UIKitBaseDemo" */ = {
			isa = XCConfigurationList;
			buildConfigurations = (
				D5C7F7531C3BC9CE008CDDBA /* Debug */,
				D5C7F7541C3BC9CE008CDDBA /* Release */,
			);
			defaultConfigurationIsVisible = 0;
			defaultConfigurationName = Release;
		};
/* End XCConfigurationList section */
	};
	rootObject = D5C7F7381C3BC9CE008CDDBA /* Project object */;
}
