PODS:
  - Actions (3.0.1)
  - ActiveLabel (1.0.1)
  - Algorithm (2.1.1)
  - CountryPickerSwift (1.8.0)
  - CwlCatchException (1.0.2)
  - CwlPreconditionTesting (1.1.1):
    - CwlCatchException
  - DarkMagic (0.0.4)
  - DynamicColor (4.0.3)
  - Layman (0.1.18):
    - Layman/Core (= 0.1.18)
    - Layman/Operators (= 0.1.18)
    - Layman/Shorthand (= 0.1.18)
  - Layman/Core (0.1.18)
  - Layman/Operators (0.1.18)
  - Layman/Shorthand (0.1.18)
  - Nuke (7.5.2)
  - Permission/Core (2.2.0)
  - Permission/Location (2.2.0):
    - Permission/Core
  - PhoneNumberKit (2.6.0):
    - PhoneNumberKit/PhoneNumberKitCore (= 2.6.0)
    - PhoneNumberKit/UIKit (= 2.6.0)
  - PhoneNumberKit/PhoneNumberKitCore (2.6.0)
  - PhoneNumberKit/UIKit (2.6.0):
    - PhoneNumberKit/PhoneNumberKitCore
  - SwiftDate (6.0.1)
  - Swiftest (0.0.18)
  - SwiftFormat/CLI (0.40.7)
  - SwiftLint (0.31.0)
  - SwiftLocation (3.2.3):
    - SwiftyJSON (~> 4.0.0-alpha.1)
  - SwiftTestUtils (0.1.4)
  - SwiftyJSON (4.0.0)
  - UIFontIcons/Core (0.0.6)
  - UIFontIcons/MaterialIcons (0.0.6):
    - UIFontIcons/Core
  - UIKitExtensions (0.0.20):
    - DarkMagic
    - Swiftest
  - UIKitMixinable (0.0.21)
  - UIKitTheme (0.0.9):
    - DarkMagic
    - DynamicColor
    - Swiftest
    - UIKitExtensions
    - UIKitMixinable

DEPENDENCIES:
  - Actions
  - ActiveLabel
  - Algorithm
  - CountryPickerSwift
  - CwlCatchException (from `https://github.com/mattgallagher/CwlCatchException.git`)
  - CwlPreconditionTesting (from `https://github.com/mattgallagher/CwlPreconditionTesting.git`)
  - DarkMagic (from `https://github.com/Appsaurus/DarkMagic`)
  - Layman (from `https://github.com/Appsaurus/Layman`)
  - Nuke
  - Permission/Location (from `https://github.com/Appsaurus/Permission`)
  - PhoneNumberKit
  - SwiftDate
  - Swiftest (from `https://github.com/Appsaurus/Swiftest`)
  - SwiftFormat/CLI
  - SwiftLint
  - SwiftLocation
  - SwiftTestUtils (from `https://github.com/appsaurus/SwiftTestUtils.git`)
  - UIFontIcons/MaterialIcons (from `https://github.com/Appsaurus/UIFontIcons`)
  - UIKitExtensions (from `https://github.com/Appsaurus/UIKitExtensions`)
  - UIKitMixinable (from `https://github.com/Appsaurus/UIKitMixinable`)
  - UIKitTheme (from `https://github.com/Appsaurus/UIKitTheme`)

SPEC REPOS:
  https://github.com/cocoapods/specs.git:
    - Actions
    - ActiveLabel
    - Algorithm
    - CountryPickerSwift
    - DynamicColor
    - Nuke
    - PhoneNumberKit
    - SwiftDate
    - SwiftFormat
    - SwiftLint
    - SwiftLocation
    - SwiftyJSON

EXTERNAL SOURCES:
  CwlCatchException:
    :git: https://github.com/mattgallagher/CwlCatchException.git
  CwlPreconditionTesting:
    :git: https://github.com/mattgallagher/CwlPreconditionTesting.git
  DarkMagic:
    :git: https://github.com/Appsaurus/DarkMagic
  Layman:
    :git: https://github.com/Appsaurus/Layman
  Permission:
    :git: https://github.com/Appsaurus/Permission
  Swiftest:
    :git: https://github.com/Appsaurus/Swiftest
  SwiftTestUtils:
    :git: https://github.com/appsaurus/SwiftTestUtils.git
  UIFontIcons:
    :git: https://github.com/Appsaurus/UIFontIcons
  UIKitExtensions:
    :git: https://github.com/Appsaurus/UIKitExtensions
  UIKitMixinable:
    :git: https://github.com/Appsaurus/UIKitMixinable
  UIKitTheme:
    :git: https://github.com/Appsaurus/UIKitTheme

CHECKOUT OPTIONS:
  CwlCatchException:
    :commit: 52edb6d4329318ff466db1689e85525c3e18689f
    :git: https://github.com/mattgallagher/CwlCatchException.git
  CwlPreconditionTesting:
    :commit: 243dc31e8f3728f9bdd15b353dbcead4fb3d9fdf
    :git: https://github.com/mattgallagher/CwlPreconditionTesting.git
  DarkMagic:
    :commit: b6e5a19acc048e21d9caa18a95915137f99beb74
    :git: https://github.com/Appsaurus/DarkMagic
  Layman:
    :commit: 31d510b779f7b417351b57be2420e762eac67bf9
    :git: https://github.com/Appsaurus/Layman
  Permission:
    :commit: 651883c3bf54fb09034ded7f9021e94201f6b824
    :git: https://github.com/Appsaurus/Permission
  Swiftest:
    :commit: 48d78074e32b2d95ae097e1e0ffe96ec6ce66c67
    :git: https://github.com/Appsaurus/Swiftest
  SwiftTestUtils:
    :commit: af5204ea29b8037f3d60c819ccd23bd7983e42ab
    :git: https://github.com/appsaurus/SwiftTestUtils.git
  UIFontIcons:
    :commit: c886860737756bd733561febd8767d1cd0ea5382
    :git: https://github.com/Appsaurus/UIFontIcons
  UIKitExtensions:
    :commit: 1371b88d99a1328de4cd34c76a8283c1373fe26d
    :git: https://github.com/Appsaurus/UIKitExtensions
  UIKitMixinable:
    :commit: 8f32d29e49c3e2e5f7ccce285a787aa2f182ddaa
    :git: https://github.com/Appsaurus/UIKitMixinable
  UIKitTheme:
    :commit: dc56e5865b60044b839520aa88289f0feb3454d5
    :git: https://github.com/Appsaurus/UIKitTheme

SPEC CHECKSUMS:
  Actions: 696288b71e88903a69ec8d04123df05ad16125dc
  ActiveLabel: b8b2396fe25308d563601437d6605bf691c3b5db
  Algorithm: 0fe78be3f31f85e857089685477862bcf20393b8
  CountryPickerSwift: 4c328ae9687322cacf541120f5c43f0e2c1ba194
  CwlCatchException: 70a52ae44ea5d46db7bd385f801a94942420cd8c
  CwlPreconditionTesting: d33a4e4f285c0b885fddcae5dfedfbb34d4f3961
  DarkMagic: ccb2f3da6cd0b07b96cd44b3033d998dd6a8cddd
  DynamicColor: bf19b33fe404c59a68e64af95cc6b017346e7e75
  Layman: 558e480982c4fce392d67357c07cfbca5445dfe6
  Nuke: 0350d346a688426e8f2331253ef28dc2fc4f6178
  Permission: f6452f9050020b58abe246b94100e6c0ff6af97c
  PhoneNumberKit: 167ee1f0bbb6efce7c62559e620eae745595532f
  SwiftDate: 2b3ef6b8fc30c22391033d1acad5622a51660016
  Swiftest: 408f5c420196665271cf1cf2a81b6cb1839998c1
  SwiftFormat: 93264523d31b70e5bc109c00ceeda3ae613a59d1
  SwiftLint: 7a0227733d786395817373b2d0ca799fd0093ff3
  SwiftLocation: a3c3bc2023118171ef3572188a31def94aa0892c
  SwiftTestUtils: 5ef53082f4c5db4aea76f697904c44cb0940cbd2
  SwiftyJSON: 070dabdcb1beb81b247c65ffa3a79dbbfb3b48aa
  UIFontIcons: 1119f75d4545e2aed3a4434fcde000716f14cf4a
  UIKitExtensions: 60898001f5af87877442bae61a3b8cb1423d27d1
  UIKitMixinable: 8b2c1a946e76c179fc6a2fc95f0ae288307fc3eb
  UIKitTheme: c09f071963d076f43ddffc01e54bda1fb299dbf4

PODFILE CHECKSUM: 94bcdd5d54b017f7d270a5f997626c46a5a9d28c

COCOAPODS: 1.6.1
