PODS:
  - Actions (3.0.1)
  - ActiveLabel (1.1.0)
  - Algorithm (3.1.1)
  - CountryPickerSwift (1.8.2)
  - CRuntime (2.1.2)
  - CwlCatchException (1.0.2)
  - CwlPreconditionTesting (1.1.1):
    - CwlCatchException
  - DarkMagic (0.0.4)
  - DiffableDataSources (0.4.0):
    - DifferenceKit/AppKitExtension (~> 1.1)
    - DifferenceKit/UIKitExtension (~> 1.1)
  - DifferenceKit/Core (1.1.5)
  - DifferenceKit/UIKitExtension (1.1.5):
    - DifferenceKit/Core
  - DynamicColor (4.2.0)
  - KeychainAccess (4.2.0)
  - Layman (0.1.26):
    - Layman/Core (= 0.1.26)
    - Layman/Operators (= 0.1.26)
    - Layman/Shorthand (= 0.1.26)
  - Layman/Core (0.1.26)
  - Layman/Operators (0.1.26)
  - Layman/Shorthand (0.1.26)
  - Nuke (8.4.1)
  - Permission/Core (2.2.0)
  - Permission/Location (2.2.0):
    - Permission/Core
  - PhoneNumberKit (3.2.0):
    - PhoneNumberKit/PhoneNumberKitCore (= 3.2.0)
    - PhoneNumberKit/UIKit (= 3.2.0)
  - PhoneNumberKit/PhoneNumberKitCore (3.2.0)
  - PhoneNumberKit/UIKit (3.2.0):
    - PhoneNumberKit/PhoneNumberKitCore
  - Runtime (2.1.1):
    - CRuntime
  - RuntimeExtensions (0.1.6):
    - Runtime
  - SwiftDate (6.1.0)
  - Swiftest (0.0.38)
  - SwiftFormat/CLI (0.44.13)
  - SwiftLint (0.39.2)
  - SwiftLocation (4.2.0)
  - SwiftTestUtils (0.1.7)
  - UIFontIcons/Core (0.0.6)
  - UIFontIcons/MaterialIcons (0.0.6):
    - UIFontIcons/Core
  - UIKitExtensions (0.0.30):
    - DarkMagic
    - Swiftest
  - UIKitMixinable (0.0.26)
  - UIKitTheme (0.0.21):
    - DarkMagic
    - DynamicColor
    - Swiftest
    - UIKitExtensions
    - UIKitMixinable

DEPENDENCIES:
  - Actions
  - ActiveLabel
  - Algorithm
  - CountryPickerSwift
  - CwlCatchException (from `https://github.com/mattgallagher/CwlCatchException.git`, tag `1.2.0`)
  - CwlPreconditionTesting (from `https://github.com/mattgallagher/CwlPreconditionTesting.git`, tag `1.2.0`)
  - DarkMagic (from `https://github.com/Appsaurus/DarkMagic`)
  - DiffableDataSources
  - KeychainAccess
  - Layman (from `https://github.com/Appsaurus/Layman`)
  - Nuke
  - Permission/Location (from `https://github.com/Appsaurus/Permission`)
  - PhoneNumberKit
  - RuntimeExtensions (from `https://github.com/Appsaurus/RuntimeExtensions`)
  - SwiftDate
  - Swiftest (from `https://github.com/Appsaurus/Swiftest`)
  - SwiftFormat/CLI
  - SwiftLint
  - SwiftLocation
  - SwiftTestUtils (from `https://github.com/appsaurus/SwiftTestUtils.git`)
  - UIFontIcons/MaterialIcons (from `https://github.com/Appsaurus/UIFontIcons`)
  - UIKitExtensions (from `https://github.com/Appsaurus/UIKitExtensions`)
  - UIKitMixinable (from `https://github.com/Appsaurus/UIKitMixinable`)
  - UIKitTheme (from `https://github.com/Appsaurus/UIKitTheme`)

SPEC REPOS:
  https://github.com/CocoaPods/Specs.git:
    - Actions
    - ActiveLabel
    - Algorithm
    - CountryPickerSwift
    - CRuntime
    - DiffableDataSources
    - DifferenceKit
    - DynamicColor
    - KeychainAccess
    - Nuke
    - PhoneNumberKit
    - Runtime
    - SwiftDate
    - SwiftFormat
    - SwiftLint
    - SwiftLocation

EXTERNAL SOURCES:
  CwlCatchException:
    :git: https://github.com/mattgallagher/CwlCatchException.git
    :tag: 1.2.0
  CwlPreconditionTesting:
    :git: https://github.com/mattgallagher/CwlPreconditionTesting.git
    :tag: 1.2.0
  DarkMagic:
    :git: https://github.com/Appsaurus/DarkMagic
  Layman:
    :git: https://github.com/Appsaurus/Layman
  Permission:
    :git: https://github.com/Appsaurus/Permission
  RuntimeExtensions:
    :git: https://github.com/Appsaurus/RuntimeExtensions
  Swiftest:
    :git: https://github.com/Appsaurus/Swiftest
  SwiftTestUtils:
    :git: https://github.com/appsaurus/SwiftTestUtils.git
  UIFontIcons:
    :git: https://github.com/Appsaurus/UIFontIcons
  UIKitExtensions:
    :git: https://github.com/Appsaurus/UIKitExtensions
  UIKitMixinable:
    :git: https://github.com/Appsaurus/UIKitMixinable
  UIKitTheme:
    :git: https://github.com/Appsaurus/UIKitTheme

CHECKOUT OPTIONS:
  CwlCatchException:
    :git: https://github.com/mattgallagher/CwlCatchException.git
    :tag: 1.2.0
  CwlPreconditionTesting:
    :git: https://github.com/mattgallagher/CwlPreconditionTesting.git
    :tag: 1.2.0
  DarkMagic:
    :commit: b6e5a19acc048e21d9caa18a95915137f99beb74
    :git: https://github.com/Appsaurus/DarkMagic
  Layman:
    :commit: 26d1241ee6ca912ef5b5a2024e5642011a2c0015
    :git: https://github.com/Appsaurus/Layman
  Permission:
    :commit: 651883c3bf54fb09034ded7f9021e94201f6b824
    :git: https://github.com/Appsaurus/Permission
  RuntimeExtensions:
    :commit: f47b6e7e21e0fb5dc5785b77a1cac9a35dbe28e3
    :git: https://github.com/Appsaurus/RuntimeExtensions
  Swiftest:
    :commit: a524014c5f463e747537fb20a16e3c52b2c497f2
    :git: https://github.com/Appsaurus/Swiftest
  SwiftTestUtils:
    :commit: 042fbc10bfee7101961040aee677e2d4967d6951
    :git: https://github.com/appsaurus/SwiftTestUtils.git
  UIFontIcons:
    :commit: c886860737756bd733561febd8767d1cd0ea5382
    :git: https://github.com/Appsaurus/UIFontIcons
  UIKitExtensions:
    :commit: b551da656ee8b7ceb6cfa36aea8762cc360086df
    :git: https://github.com/Appsaurus/UIKitExtensions
  UIKitMixinable:
    :commit: 8c1d93e1f9cf95432e95fe9fe86a832473336326
    :git: https://github.com/Appsaurus/UIKitMixinable
  UIKitTheme:
    :commit: 7d3fdf3b5d5fd1842e94250b49194349f536eccb
    :git: https://github.com/Appsaurus/UIKitTheme

SPEC CHECKSUMS:
  Actions: 696288b71e88903a69ec8d04123df05ad16125dc
  ActiveLabel: 5e3f4de79a1952d4604b845a0610d4776e4b82b3
  Algorithm: c4a5475259f6de29134843e5e44b534e0bbfeec9
  CountryPickerSwift: b2cd8b391a0222bd9a97d09ea30426303adac810
  CRuntime: d7ae373e07ab36e92ad273259557e3817e0c214b
  CwlCatchException: 70a52ae44ea5d46db7bd385f801a94942420cd8c
  CwlPreconditionTesting: d33a4e4f285c0b885fddcae5dfedfbb34d4f3961
  DarkMagic: 2bc17557251fb322573c365be1d3c17e0acaf5fc
  DiffableDataSources: 80396cec405c9b29e1e07b55c9be7d11b46c8741
  DifferenceKit: 516f12e336ed65a3a0665847b5c3cb5cad4bd4ea
  DynamicColor: c475f66bda1cabf602f2c54ac1171c0c07148a5a
  KeychainAccess: 3f760109aa99b05d0f231e28b22642da7153e38a
  Layman: 1af5d025e9a52559e2b0b7d2d4be3f160c5c557c
  Nuke: d780e3507a86b86c589ab3cc5cd302d5456f06fb
  Permission: 3b15247a22e35302f6c2426513dee29956725a72
  PhoneNumberKit: df411d46177d1492da84e10b6c093846dd861452
  Runtime: 2b0e7604e598b52c698c64f0b961640c074ed75e
  RuntimeExtensions: ec79699194368fb65244ccb3c2ec294903ecf1ca
  SwiftDate: fa2bb3962056bb44047b4b85a30044e5eae30b03
  Swiftest: 37f44a645d8eab533ef39a51239c93723cec8b59
  SwiftFormat: 87e745cb2f6509894a44ac4f311a8722a9ebcb8b
  SwiftLint: 22ccbbe3b8008684be5955693bab135e0ed6a447
  SwiftLocation: 609ac8859f2c5d48a6cadd2a58c63b1dae02dc25
  SwiftTestUtils: 69c483e473582bc9f166b682b6f28d0e7ca9efd0
  UIFontIcons: d4a72e705e2ce1f7ef60e6107e12500893a0b67a
  UIKitExtensions: c16cb3a5d42d743158b81271620b4862deea0620
  UIKitMixinable: 0585591e662512df6f9b63a96ddb34d38546c0b9
  UIKitTheme: 286a64c3bebe3bc304f6fa141b8db1cacffbfe5b

PODFILE CHECKSUM: 2a48bc2d9ebc71b11e5eee766ce63296d61b7f7b

COCOAPODS: 1.9.1
