PODS:
  - Actions (3.0.1)
  - ActiveLabel (1.1.0)
  - Algorithm (3.1.1)
  - AssistantKit (0.6.1)
  - CRuntime (2.1.2)
  - DarkMagic (0.0.4)
  - DiffableDataSources (0.1.0):
    - DifferenceKit/AppKitExtension (~> 1.1)
    - DifferenceKit/UIKitExtension (~> 1.1)
  - DifferenceKit/Core (1.1.3)
  - DifferenceKit/UIKitExtension (1.1.3):
    - DifferenceKit/Core
  - DynamicColor (4.1.0)
  - Fakery (4.1.1)
  - IQKeyboardManagerSwift (6.4.1)
  - KeychainAccess (3.2.0)
  - Layman (0.1.23):
    - Layman/Core (= 0.1.23)
    - Layman/Operators (= 0.1.23)
    - Layman/Shorthand (= 0.1.23)
  - Layman/Core (0.1.23)
  - Layman/Operators (0.1.23)
  - Layman/Shorthand (0.1.23)
  - Nuke (8.1)
  - Permission/Camera (2.2.0):
    - Permission/Core
  - Permission/Contacts (2.2.0):
    - Permission/Core
  - Permission/Core (2.2.0)
  - Permission/Location (2.2.0):
    - Permission/Core
  - Permission/Microphone (2.2.0):
    - Permission/Core
  - Permission/Notifications (2.2.0):
    - Permission/Core
  - Permission/Photos (2.2.0):
    - Permission/Core
  - Runtime (2.1.0):
    - CRuntime
  - RuntimeExtensions (0.1.4):
    - Runtime
  - SwiftDate (6.0.3)
  - Swiftest (0.0.28)
  - SwiftLocation (4.0.2)
  - SwiftyTimer (2.1.0)
  - UIFontIcons (0.0.6):
    - UIFontIcons/Core (= 0.0.6)
  - UIFontIcons/Core (0.0.6)
  - UIFontIcons/Feather (0.0.6):
    - UIFontIcons/Core
  - UIFontIcons/MaterialIcons (0.0.6):
    - UIFontIcons/Core
  - UIFontLoader (0.0.3)
  - UIKitBase/Authentication (0.0.47):
    - KeychainAccess
    - UIKitBase/Forms/Core
  - UIKitBase/Core (0.0.47):
    - Actions
    - Algorithm
    - AssistantKit
    - DarkMagic
    - DiffableDataSources
    - Layman
    - Nuke
    - Swiftest
    - UIFontIcons
    - UIKitExtensions
    - UIKitMixinable
    - UIKitTheme
  - UIKitBase/Datasource (0.0.47):
    - UIKitBase/Core
  - UIKitBase/Forms/Core (0.0.47):
    - UIKitBase/Core
  - UIKitBase/Forms/Date (0.0.47):
    - SwiftDate
    - UIKitBase/Core
  - UIKitBase/Forms/LegalDisclosure (0.0.47):
    - ActiveLabel
    - UIKitBase/Core
  - UIKitBase/Location (0.0.47):
    - Permission/Location
    - SwiftLocation
    - UIKitBase/Datasource
    - UIKitBase/Permission
  - UIKitBase/Permission (0.0.47):
    - UIKitBase/Core
  - UIKitExtensions (0.0.21):
    - DarkMagic
    - Swiftest
  - UIKitMixinable (0.0.24)
  - UIKitTheme (0.0.14):
    - DarkMagic
    - DynamicColor
    - Swiftest
    - UIKitExtensions
    - UIKitMixinable

DEPENDENCIES:
  - Actions
  - DarkMagic (from `https://github.com/Appsaurus/DarkMagic`)
  - Fakery
  - IQKeyboardManagerSwift
  - Layman (from `https://github.com/Appsaurus/Layman`)
  - Nuke
  - Permission/Camera (from `https://github.com/Appsaurus/Permission`)
  - Permission/Contacts (from `https://github.com/Appsaurus/Permission`)
  - Permission/Location (from `https://github.com/Appsaurus/Permission`)
  - Permission/Microphone (from `https://github.com/Appsaurus/Permission`)
  - Permission/Notifications (from `https://github.com/Appsaurus/Permission`)
  - Permission/Photos (from `https://github.com/Appsaurus/Permission`)
  - RuntimeExtensions (from `https://github.com/Appsaurus/RuntimeExtensions`)
  - Swiftest (from `https://github.com/Appsaurus/Swiftest`)
  - SwiftyTimer
  - UIFontIcons/Feather (from `https://github.com/Appsaurus/UIFontIcons`)
  - UIFontIcons/MaterialIcons (from `https://github.com/Appsaurus/UIFontIcons`)
  - UIFontLoader (from `https://github.com/Appsaurus/UIFontLoader`)
  - UIKitBase/Authentication (from `../../`)
  - UIKitBase/Datasource (from `../../`)
  - UIKitBase/Forms/Date (from `../../`)
  - UIKitBase/Forms/LegalDisclosure (from `../../`)
  - UIKitBase/Location (from `../../`)
  - UIKitBase/Permission (from `../../`)
  - UIKitExtensions (from `https://github.com/Appsaurus/UIKitExtensions`)
  - UIKitMixinable (from `https://github.com/Appsaurus/UIKitMixinable`)
  - UIKitTheme (from `https://github.com/Appsaurus/UIKitTheme`)

SPEC REPOS:
  https://github.com/cocoapods/specs.git:
    - Actions
    - ActiveLabel
    - Algorithm
    - AssistantKit
    - CRuntime
    - DiffableDataSources
    - DifferenceKit
    - DynamicColor
    - Fakery
    - IQKeyboardManagerSwift
    - KeychainAccess
    - Nuke
    - Runtime
    - SwiftDate
    - SwiftLocation
    - SwiftyTimer

EXTERNAL SOURCES:
  DarkMagic:
    :git: https://github.com/Appsaurus/DarkMagic
  Layman:
    :git: https://github.com/Appsaurus/Layman
  Permission:
    :git: https://github.com/Appsaurus/Permission
  RuntimeExtensions:
    :git: https://github.com/Appsaurus/RuntimeExtensions
  Swiftest:
    :git: https://github.com/Appsaurus/Swiftest
  UIFontIcons:
    :git: https://github.com/Appsaurus/UIFontIcons
  UIFontLoader:
    :git: https://github.com/Appsaurus/UIFontLoader
  UIKitBase:
    :path: "../../"
  UIKitExtensions:
    :git: https://github.com/Appsaurus/UIKitExtensions
  UIKitMixinable:
    :git: https://github.com/Appsaurus/UIKitMixinable
  UIKitTheme:
    :git: https://github.com/Appsaurus/UIKitTheme

CHECKOUT OPTIONS:
  DarkMagic:
    :commit: b6e5a19acc048e21d9caa18a95915137f99beb74
    :git: https://github.com/Appsaurus/DarkMagic
  Layman:
    :commit: d6b3e1079362f97cec7e5985f8d879a675070c92
    :git: https://github.com/Appsaurus/Layman
  Permission:
    :commit: 651883c3bf54fb09034ded7f9021e94201f6b824
    :git: https://github.com/Appsaurus/Permission
  RuntimeExtensions:
    :commit: 6a5645ca767d25b9fc1cf4897efdce1cb90b6b9a
    :git: https://github.com/Appsaurus/RuntimeExtensions
  Swiftest:
    :commit: 2310127d006549f352d7198cdd5dc0b34eb37d3a
    :git: https://github.com/Appsaurus/Swiftest
  UIFontIcons:
    :commit: c886860737756bd733561febd8767d1cd0ea5382
    :git: https://github.com/Appsaurus/UIFontIcons
  UIFontLoader:
    :commit: ee7c29b18ce3d39a4f683a1475831579d32b5dce
    :git: https://github.com/Appsaurus/UIFontLoader
  UIKitExtensions:
    :commit: e56b67f748e52c57d86a04dde6e6e42c6b9acf04
    :git: https://github.com/Appsaurus/UIKitExtensions
  UIKitMixinable:
    :commit: f6887d39479d03348f039e6dbbc4fba3c51a1598
    :git: https://github.com/Appsaurus/UIKitMixinable
  UIKitTheme:
    :commit: 491ba94d1caba219fc07c1bd74cad84e827b421c
    :git: https://github.com/Appsaurus/UIKitTheme

SPEC CHECKSUMS:
  Actions: 696288b71e88903a69ec8d04123df05ad16125dc
  ActiveLabel: 5e3f4de79a1952d4604b845a0610d4776e4b82b3
  Algorithm: c4a5475259f6de29134843e5e44b534e0bbfeec9
  AssistantKit: 7dd40c019e9a06e93555ed58498a2d212fcb408d
  CRuntime: d7ae373e07ab36e92ad273259557e3817e0c214b
  DarkMagic: ccb2f3da6cd0b07b96cd44b3033d998dd6a8cddd
  DiffableDataSources: d32ac3a1c366524914a95305ecca1d9bb9b8cf24
  DifferenceKit: 5018791b6c1fc839921a3c171a0a539ace6ea60c
  DynamicColor: e72fcf4174518c514e862bb4bdea794c1865b412
  Fakery: d3380c4aa1efe7631c0831d7e26aa9db4491f014
  IQKeyboardManagerSwift: d2df660d0b8d64a15cb2537c9ff303213fa515b2
  KeychainAccess: 3b1bf8a77eb4c6ea1ce9404c292e48f948954c6b
  Layman: 66ea839f151019104d459c3bed1e70dc17b4dffa
  Nuke: bdf9670042513ede94ea9bd97e902936e055ff64
  Permission: f6452f9050020b58abe246b94100e6c0ff6af97c
  Runtime: 3e42815d18fa3075631768e79f02be2ad7e2b18f
  RuntimeExtensions: 1d94c50270e77754ab1e2bca97c05c9a6f0e2a0b
  SwiftDate: 8d4f14bf1ef68e95094511504856547bf9e3e1a6
  Swiftest: 989c02a9d8e575cb5e1edb144c65e7d276411272
  SwiftLocation: 4f030832331a21abaa4e0c5189d0f80ab8d3e377
  SwiftyTimer: 02dd6cf10cbc71cbf67cec494f6e5eb782102543
  UIFontIcons: 1119f75d4545e2aed3a4434fcde000716f14cf4a
  UIFontLoader: df06440b24c51384676dc9ec54aecc3aff5a7a97
  UIKitBase: 76284ba54fd3ce247c7971b52a569964c42b8284
  UIKitExtensions: 1c3f854214435c0f3019aff7f082601424c396e5
  UIKitMixinable: 45594c9f6a1a5c53d3b9e4e87c4f9a3fd9afa329
  UIKitTheme: bf845ee89fa3f9803d79944cdd7f076a5cf910ea

PODFILE CHECKSUM: c443f6a575d4610660f00b3825f479dfa0b865ff

COCOAPODS: 1.6.1
